// !$*UTF8*$!
{
	archiveVersion = 1;
	classes = {
	};
	objectVersion = 52;
	objects = {

/* Begin PBXBuildFile section */
		1B3E63B325D7DD67009D60E2 /* AppDelegate.swift in Sources */ = {isa = PBXBuildFile; fileRef = 1B3E63B225D7DD67009D60E2 /* AppDelegate.swift */; };
		1B3E63B525D7DD67009D60E2 /* SceneDelegate.swift in Sources */ = {isa = PBXBuildFile; fileRef = 1B3E63B425D7DD67009D60E2 /* SceneDelegate.swift */; };
		1B3E63B725D7DD67009D60E2 /* NewsFeedViewController.swift in Sources */ = {isa = PBXBuildFile; fileRef = 1B3E63B625D7DD67009D60E2 /* NewsFeedViewController.swift */; };
		1B3E63BA25D7DD67009D60E2 /* Main.storyboard in Resources */ = {isa = PBXBuildFile; fileRef = 1B3E63B825D7DD67009D60E2 /* Main.storyboard */; };
		1B3E63BD25D7DD67009D60E2 /* LatvianNewsFeed.xcdatamodeld in Sources */ = {isa = PBXBuildFile; fileRef = 1B3E63BB25D7DD67009D60E2 /* LatvianNewsFeed.xcdatamodeld */; };
		1B3E63BF25D7DD6B009D60E2 /* Assets.xcassets in Resources */ = {isa = PBXBuildFile; fileRef = 1B3E63BE25D7DD6B009D60E2 /* Assets.xcassets */; };
		1B3E63C225D7DD6B009D60E2 /* LaunchScreen.storyboard in Resources */ = {isa = PBXBuildFile; fileRef = 1B3E63C025D7DD6B009D60E2 /* LaunchScreen.storyboard */; };
		1B3E63D225D7EB39009D60E2 /* WebViewController.swift in Sources */ = {isa = PBXBuildFile; fileRef = 1B3E63D125D7EB39009D60E2 /* WebViewController.swift */; };
		1B3E63D625D84554009D60E2 /* Item.swift in Sources */ = {isa = PBXBuildFile; fileRef = 1B3E63D525D84554009D60E2 /* Item.swift */; };
		1B3E63DB25D845D2009D60E2 /* Gloss in Frameworks */ = {isa = PBXBuildFile; productRef = 1B3E63DA25D845D2009D60E2 /* Gloss */; };
		1B3E63DF25D84F08009D60E2 /* NewsFeedCell.swift in Sources */ = {isa = PBXBuildFile; fileRef = 1B3E63DE25D84F08009D60E2 /* NewsFeedCell.swift */; };
		1B3E63FD25DC07BF009D60E2 /* SavedItemsTableViewController.swift in Sources */ = {isa = PBXBuildFile; fileRef = 1B3E63FC25DC07BF009D60E2 /* SavedItemsTableViewController.swift */; };
/* End PBXBuildFile section */

/* Begin PBXFileReference section */
		1B3E63AF25D7DD67009D60E2 /* LatvianNewsFeed.app */ = {isa = PBXFileReference; explicitFileType = wrapper.application; includeInIndex = 0; path = LatvianNewsFeed.app; sourceTree = BUILT_PRODUCTS_DIR; };
		1B3E63B225D7DD67009D60E2 /* AppDelegate.swift */ = {isa = PBXFileReference; lastKnownFileType = sourcecode.swift; path = AppDelegate.swift; sourceTree = "<group>"; };
		1B3E63B425D7DD67009D60E2 /* SceneDelegate.swift */ = {isa = PBXFileReference; lastKnownFileType = sourcecode.swift; path = SceneDelegate.swift; sourceTree = "<group>"; };
		1B3E63B625D7DD67009D60E2 /* NewsFeedViewController.swift */ = {isa = PBXFileReference; lastKnownFileType = sourcecode.swift; path = NewsFeedViewController.swift; sourceTree = "<group>"; };
		1B3E63B925D7DD67009D60E2 /* Base */ = {isa = PBXFileReference; lastKnownFileType = file.storyboard; name = Base; path = Base.lproj/Main.storyboard; sourceTree = "<group>"; };
		1B3E63BC25D7DD67009D60E2 /* LatvianNewsFeed.xcdatamodel */ = {isa = PBXFileReference; lastKnownFileType = wrapper.xcdatamodel; path = LatvianNewsFeed.xcdatamodel; sourceTree = "<group>"; };
		1B3E63BE25D7DD6B009D60E2 /* Assets.xcassets */ = {isa = PBXFileReference; lastKnownFileType = folder.assetcatalog; path = Assets.xcassets; sourceTree = "<group>"; };
		1B3E63C125D7DD6B009D60E2 /* Base */ = {isa = PBXFileReference; lastKnownFileType = file.storyboard; name = Base; path = Base.lproj/LaunchScreen.storyboard; sourceTree = "<group>"; };
		1B3E63C325D7DD6B009D60E2 /* Info.plist */ = {isa = PBXFileReference; lastKnownFileType = text.plist.xml; path = Info.plist; sourceTree = "<group>"; };
		1B3E63D125D7EB39009D60E2 /* WebViewController.swift */ = {isa = PBXFileReference; lastKnownFileType = sourcecode.swift; path = WebViewController.swift; sourceTree = "<group>"; };
		1B3E63D525D84554009D60E2 /* Item.swift */ = {isa = PBXFileReference; lastKnownFileType = sourcecode.swift; path = Item.swift; sourceTree = "<group>"; };
		1B3E63DE25D84F08009D60E2 /* NewsFeedCell.swift */ = {isa = PBXFileReference; lastKnownFileType = sourcecode.swift; path = NewsFeedCell.swift; sourceTree = "<group>"; };
		1B3E63FC25DC07BF009D60E2 /* SavedItemsTableViewController.swift */ = {isa = PBXFileReference; lastKnownFileType = sourcecode.swift; path = SavedItemsTableViewController.swift; sourceTree = "<group>"; };
/* End PBXFileReference section */

/* Begin PBXFrameworksBuildPhase section */
		1B3E63AC25D7DD67009D60E2 /* Frameworks */ = {
			isa = PBXFrameworksBuildPhase;
			buildActionMask = 2147483647;
			files = (
				1B3E63DB25D845D2009D60E2 /* Gloss in Frameworks */,
			);
			runOnlyForDeploymentPostprocessing = 0;
		};
/* End PBXFrameworksBuildPhase section */

/* Begin PBXGroup section */
		1B3E63A625D7DD67009D60E2 = {
			isa = PBXGroup;
			children = (
				1B3E63B125D7DD67009D60E2 /* LatvianNewsFeed */,
				1B3E63B025D7DD67009D60E2 /* Products */,
			);
			sourceTree = "<group>";
		};
		1B3E63B025D7DD67009D60E2 /* Products */ = {
			isa = PBXGroup;
			children = (
				1B3E63AF25D7DD67009D60E2 /* LatvianNewsFeed.app */,
			);
			name = Products;
			sourceTree = "<group>";
		};
		1B3E63B125D7DD67009D60E2 /* LatvianNewsFeed */ = {
			isa = PBXGroup;
			children = (
				1B3E63D425D84546009D60E2 /* Model */,
				1B3E63CA25D7DD7A009D60E2 /* AppDelegate */,
				1B3E63CC25D7DD83009D60E2 /* Controllers */,
				1B3E63CE25D7DD90009D60E2 /* Views */,
				1B3E63BE25D7DD6B009D60E2 /* Assets.xcassets */,
				1B3E63C325D7DD6B009D60E2 /* Info.plist */,
				1B3E63BB25D7DD67009D60E2 /* LatvianNewsFeed.xcdatamodeld */,
			);
			path = LatvianNewsFeed;
			sourceTree = "<group>";
		};
		1B3E63CA25D7DD7A009D60E2 /* AppDelegate */ = {
			isa = PBXGroup;
			children = (
				1B3E63B225D7DD67009D60E2 /* AppDelegate.swift */,
				1B3E63B425D7DD67009D60E2 /* SceneDelegate.swift */,
			);
			path = AppDelegate;
			sourceTree = "<group>";
		};
		1B3E63CC25D7DD83009D60E2 /* Controllers */ = {
			isa = PBXGroup;
			children = (
				1B3E63B625D7DD67009D60E2 /* NewsFeedViewController.swift */,
				1B3E63D125D7EB39009D60E2 /* WebViewController.swift */,
				1B3E63DE25D84F08009D60E2 /* NewsFeedCell.swift */,
				1B3E63FC25DC07BF009D60E2 /* SavedItemsTableViewController.swift */,
			);
			path = Controllers;
			sourceTree = "<group>";
		};
		1B3E63CE25D7DD90009D60E2 /* Views */ = {
			isa = PBXGroup;
			children = (
				1B3E63B825D7DD67009D60E2 /* Main.storyboard */,
				1B3E63C025D7DD6B009D60E2 /* LaunchScreen.storyboard */,
			);
			path = Views;
			sourceTree = "<group>";
		};
		1B3E63D425D84546009D60E2 /* Model */ = {
			isa = PBXGroup;
			children = (
				1B3E63D525D84554009D60E2 /* Item.swift */,
			);
			path = Model;
			sourceTree = "<group>";
		};
/* End PBXGroup section */

/* Begin PBXNativeTarget section */
		1B3E63AE25D7DD67009D60E2 /* LatvianNewsFeed */ = {
			isa = PBXNativeTarget;
			buildConfigurationList = 1B3E63C625D7DD6B009D60E2 /* Build configuration list for PBXNativeTarget "LatvianNewsFeed" */;
			buildPhases = (
				1B3E63AB25D7DD67009D60E2 /* Sources */,
				1B3E63AC25D7DD67009D60E2 /* Frameworks */,
				1B3E63AD25D7DD67009D60E2 /* Resources */,
			);
			buildRules = (
			);
			dependencies = (
			);
			name = LatvianNewsFeed;
			packageProductDependencies = (
				1B3E63DA25D845D2009D60E2 /* Gloss */,
			);
			productName = LatvianNewsFeed;
			productReference = 1B3E63AF25D7DD67009D60E2 /* LatvianNewsFeed.app */;
			productType = "com.apple.product-type.application";
		};
/* End PBXNativeTarget section */

/* Begin PBXProject section */
		1B3E63A725D7DD67009D60E2 /* Project object */ = {
			isa = PBXProject;
			attributes = {
				LastSwiftUpdateCheck = 1210;
				LastUpgradeCheck = 1210;
				TargetAttributes = {
					1B3E63AE25D7DD67009D60E2 = {
						CreatedOnToolsVersion = 12.1;
					};
				};
			};
			buildConfigurationList = 1B3E63AA25D7DD67009D60E2 /* Build configuration list for PBXProject "LatvianNewsFeed" */;
			compatibilityVersion = "Xcode 9.3";
			developmentRegion = en;
			hasScannedForEncodings = 0;
			knownRegions = (
				en,
				Base,
			);
			mainGroup = 1B3E63A625D7DD67009D60E2;
			packageReferences = (
				1B3E63D925D845D2009D60E2 /* XCRemoteSwiftPackageReference "Gloss" */,
			);
			productRefGroup = 1B3E63B025D7DD67009D60E2 /* Products */;
			projectDirPath = "";
			projectRoot = "";
			targets = (
				1B3E63AE25D7DD67009D60E2 /* LatvianNewsFeed */,
			);
		};
/* End PBXProject section */

/* Begin PBXResourcesBuildPhase section */
		1B3E63AD25D7DD67009D60E2 /* Resources */ = {
			isa = PBXResourcesBuildPhase;
			buildActionMask = 2147483647;
			files = (
				1B3E63C225D7DD6B009D60E2 /* LaunchScreen.storyboard in Resources */,
				1B3E63BF25D7DD6B009D60E2 /* Assets.xcassets in Resources */,
				1B3E63BA25D7DD67009D60E2 /* Main.storyboard in Resources */,
			);
			runOnlyForDeploymentPostprocessing = 0;
		};
/* End PBXResourcesBuildPhase section */

/* Begin PBXSourcesBuildPhase section */
		1B3E63AB25D7DD67009D60E2 /* Sources */ = {
			isa = PBXSourcesBuildPhase;
			buildActionMask = 2147483647;
			files = (
				1B3E63BD25D7DD67009D60E2 /* LatvianNewsFeed.xcdatamodeld in Sources */,
				1B3E63B725D7DD67009D60E2 /* NewsFeedViewController.swift in Sources */,
				1B3E63B325D7DD67009D60E2 /* AppDelegate.swift in Sources */,
				1B3E63D225D7EB39009D60E2 /* WebViewController.swift in Sources */,
				1B3E63DF25D84F08009D60E2 /* NewsFeedCell.swift in Sources */,
				1B3E63D625D84554009D60E2 /* Item.swift in Sources */,
				1B3E63B525D7DD67009D60E2 /* SceneDelegate.swift in Sources */,
				1B3E63FD25DC07BF009D60E2 /* SavedItemsTableViewController.swift in Sources */,
			);
			runOnlyForDeploymentPostprocessing = 0;
		};
/* End PBXSourcesBuildPhase section */

/* Begin PBXVariantGroup section */
		1B3E63B825D7DD67009D60E2 /* Main.storyboard */ = {
			isa = PBXVariantGroup;
			children = (
				1B3E63B925D7DD67009D60E2 /* Base */,
			);
			name = Main.storyboard;
			sourceTree = "<group>";
		};
		1B3E63C025D7DD6B009D60E2 /* LaunchScreen.storyboard */ = {
			isa = PBXVariantGroup;
			children = (
				1B3E63C125D7DD6B009D60E2 /* Base */,
			);
			name = LaunchScreen.storyboard;
			sourceTree = "<group>";
		};
/* End PBXVariantGroup section */

/* Begin XCBuildConfiguration section */
		1B3E63C425D7DD6B009D60E2 /* Debug */ = {
			isa = XCBuildConfiguration;
			buildSettings = {
				ALWAYS_SEARCH_USER_PATHS = NO;
				CLANG_ANALYZER_NONNULL = YES;
				CLANG_ANALYZER_NUMBER_OBJECT_CONVERSION = YES_AGGRESSIVE;
				CLANG_CXX_LANGUAGE_STANDARD = "gnu++14";
				CLANG_CXX_LIBRARY = "libc++";
				CLANG_ENABLE_MODULES = YES;
				CLANG_ENABLE_OBJC_ARC = YES;
				CLANG_ENABLE_OBJC_WEAK = YES;
				CLANG_WARN_BLOCK_CAPTURE_AUTORELEASING = YES;
				CLANG_WARN_BOOL_CONVERSION = YES;
				CLANG_WARN_COMMA = YES;
				CLANG_WARN_CONSTANT_CONVERSION = YES;
				CLANG_WARN_DEPRECATED_OBJC_IMPLEMENTATIONS = YES;
				CLANG_WARN_DIRECT_OBJC_ISA_USAGE = YES_ERROR;
				CLANG_WARN_DOCUMENTATION_COMMENTS = YES;
				CLANG_WARN_EMPTY_BODY = YES;
				CLANG_WARN_ENUM_CONVERSION = YES;
				CLANG_WARN_INFINITE_RECURSION = YES;
				CLANG_WARN_INT_CONVERSION = YES;
				CLANG_WARN_NON_LITERAL_NULL_CONVERSION = YES;
				CLANG_WARN_OBJC_IMPLICIT_RETAIN_SELF = YES;
				CLANG_WARN_OBJC_LITERAL_CONVERSION = YES;
				CLANG_WARN_OBJC_ROOT_CLASS = YES_ERROR;
				CLANG_WARN_QUOTED_INCLUDE_IN_FRAMEWORK_HEADER = YES;
				CLANG_WARN_RANGE_LOOP_ANALYSIS = YES;
				CLANG_WARN_STRICT_PROTOTYPES = YES;
				CLANG_WARN_SUSPICIOUS_MOVE = YES;
				CLANG_WARN_UNGUARDED_AVAILABILITY = YES_AGGRESSIVE;
				CLANG_WARN_UNREACHABLE_CODE = YES;
				CLANG_WARN__DUPLICATE_METHOD_MATCH = YES;
				COPY_PHASE_STRIP = NO;
				DEBUG_INFORMATION_FORMAT = dwarf;
				ENABLE_STRICT_OBJC_MSGSEND = YES;
				ENABLE_TESTABILITY = YES;
				GCC_C_LANGUAGE_STANDARD = gnu11;
				GCC_DYNAMIC_NO_PIC = NO;
				GCC_NO_COMMON_BLOCKS = YES;
				GCC_OPTIMIZATION_LEVEL = 0;
				GCC_PREPROCESSOR_DEFINITIONS = (
					"DEBUG=1",
					"$(inherited)",
				);
				GCC_WARN_64_TO_32_BIT_CONVERSION = YES;
				GCC_WARN_ABOUT_RETURN_TYPE = YES_ERROR;
				GCC_WARN_UNDECLARED_SELECTOR = YES;
				GCC_WARN_UNINITIALIZED_AUTOS = YES_AGGRESSIVE;
				GCC_WARN_UNUSED_FUNCTION = YES;
				GCC_WARN_UNUSED_VARIABLE = YES;
				IPHONEOS_DEPLOYMENT_TARGET = 14.1;
				MTL_ENABLE_DEBUG_INFO = INCLUDE_SOURCE;
				MTL_FAST_MATH = YES;
				ONLY_ACTIVE_ARCH = YES;
				SDKROOT = iphoneos;
				SWIFT_ACTIVE_COMPILATION_CONDITIONS = DEBUG;
				SWIFT_OPTIMIZATION_LEVEL = "-Onone";
			};
			name = Debug;
		};
		1B3E63C525D7DD6B009D60E2 /* Release */ = {
			isa = XCBuildConfiguration;
			buildSettings = {
				ALWAYS_SEARCH_USER_PATHS = NO;
				CLANG_ANALYZER_NONNULL = YES;
				CLANG_ANALYZER_NUMBER_OBJECT_CONVERSION = YES_AGGRESSIVE;
				CLANG_CXX_LANGUAGE_STANDARD = "gnu++14";
				CLANG_CXX_LIBRARY = "libc++";
				CLANG_ENABLE_MODULES = YES;
				CLANG_ENABLE_OBJC_ARC = YES;
				CLANG_ENABLE_OBJC_WEAK = YES;
				CLANG_WARN_BLOCK_CAPTURE_AUTORELEASING = YES;
				CLANG_WARN_BOOL_CONVERSION = YES;
				CLANG_WARN_COMMA = YES;
				CLANG_WARN_CONSTANT_CONVERSION = YES;
				CLANG_WARN_DEPRECATED_OBJC_IMPLEMENTATIONS = YES;
				CLANG_WARN_DIRECT_OBJC_ISA_USAGE = YES_ERROR;
				CLANG_WARN_DOCUMENTATION_COMMENTS = YES;
				CLANG_WARN_EMPTY_BODY = YES;
				CLANG_WARN_ENUM_CONVERSION = YES;
				CLANG_WARN_INFINITE_RECURSION = YES;
				CLANG_WARN_INT_CONVERSION = YES;
				CLANG_WARN_NON_LITERAL_NULL_CONVERSION = YES;
				CLANG_WARN_OBJC_IMPLICIT_RETAIN_SELF = YES;
				CLANG_WARN_OBJC_LITERAL_CONVERSION = YES;
				CLANG_WARN_OBJC_ROOT_CLASS = YES_ERROR;
				CLANG_WARN_QUOTED_INCLUDE_IN_FRAMEWORK_HEADER = YES;
				CLANG_WARN_RANGE_LOOP_ANALYSIS = YES;
				CLANG_WARN_STRICT_PROTOTYPES = YES;
				CLANG_WARN_SUSPICIOUS_MOVE = YES;
				CLANG_WARN_UNGUARDED_AVAILABILITY = YES_AGGRESSIVE;
				CLANG_WARN_UNREACHABLE_CODE = YES;
				CLANG_WARN__DUPLICATE_METHOD_MATCH = YES;
				COPY_PHASE_STRIP = NO;
				DEBUG_INFORMATION_FORMAT = "dwarf-with-dsym";
				ENABLE_NS_ASSERTIONS = NO;
				ENABLE_STRICT_OBJC_MSGSEND = YES;
				GCC_C_LANGUAGE_STANDARD = gnu11;
				GCC_NO_COMMON_BLOCKS = YES;
				GCC_WARN_64_TO_32_BIT_CONVERSION = YES;
				GCC_WARN_ABOUT_RETURN_TYPE = YES_ERROR;
				GCC_WARN_UNDECLARED_SELECTOR = YES;
				GCC_WARN_UNINITIALIZED_AUTOS = YES_AGGRESSIVE;
				GCC_WARN_UNUSED_FUNCTION = YES;
				GCC_WARN_UNUSED_VARIABLE = YES;
				IPHONEOS_DEPLOYMENT_TARGET = 14.1;
				MTL_ENABLE_DEBUG_INFO = NO;
				MTL_FAST_MATH = YES;
				SDKROOT = iphoneos;
				SWIFT_COMPILATION_MODE = wholemodule;
				SWIFT_OPTIMIZATION_LEVEL = "-O";
				VALIDATE_PRODUCT = YES;
			};
			name = Release;
		};
		1B3E63C725D7DD6B009D60E2 /* Debug */ = {
			isa = XCBuildConfiguration;
			buildSettings = {
				ASSETCATALOG_COMPILER_APPICON_NAME = AppIcon;
				ASSETCATALOG_COMPILER_GLOBAL_ACCENT_COLOR_NAME = AccentColor;
				CODE_SIGN_STYLE = Automatic;
				DEVELOPMENT_TEAM = V4UWAAB9S5;
				INFOPLIST_FILE = LatvianNewsFeed/Info.plist;
				LD_RUNPATH_SEARCH_PATHS = (
					"$(inherited)",
					"@executable_path/Frameworks",
				);
				PRODUCT_BUNDLE_IDENTIFIER = lv.accenture.bootcamp.LatvianNewsFeed;
				PRODUCT_NAME = "$(TARGET_NAME)";
				SWIFT_VERSION = 5.0;
				TARGETED_DEVICE_FAMILY = "1,2";
			};
			name = Debug;
		};
		1B3E63C825D7DD6B009D60E2 /* Release */ = {
			isa = XCBuildConfiguration;
			buildSettings = {
				ASSETCATALOG_COMPILER_APPICON_NAME = AppIcon;
				ASSETCATALOG_COMPILER_GLOBAL_ACCENT_COLOR_NAME = AccentColor;
				CODE_SIGN_STYLE = Automatic;
				DEVELOPMENT_TEAM = V4UWAAB9S5;
				INFOPLIST_FILE = LatvianNewsFeed/Info.plist;
				LD_RUNPATH_SEARCH_PATHS = (
					"$(inherited)",
					"@executable_path/Frameworks",
				);
				PRODUCT_BUNDLE_IDENTIFIER = lv.accenture.bootcamp.LatvianNewsFeed;
				PRODUCT_NAME = "$(TARGET_NAME)";
				SWIFT_VERSION = 5.0;
				TARGETED_DEVICE_FAMILY = "1,2";
			};
			name = Release;
		};
/* End XCBuildConfiguration section */

/* Begin XCConfigurationList section */
		1B3E63AA25D7DD67009D60E2 /* Build configuration list for PBXProject "LatvianNewsFeed" */ = {
			isa = XCConfigurationList;
			buildConfigurations = (
				1B3E63C425D7DD6B009D60E2 /* Debug */,
				1B3E63C525D7DD6B009D60E2 /* Release */,
			);
			defaultConfigurationIsVisible = 0;
			defaultConfigurationName = Release;
		};
		1B3E63C625D7DD6B009D60E2 /* Build configuration list for PBXNativeTarget "LatvianNewsFeed" */ = {
			isa = XCConfigurationList;
			buildConfigurations = (
				1B3E63C725D7DD6B009D60E2 /* Debug */,
				1B3E63C825D7DD6B009D60E2 /* Release */,
			);
			defaultConfigurationIsVisible = 0;
			defaultConfigurationName = Release;
		};
/* End XCConfigurationList section */

/* Begin XCRemoteSwiftPackageReference section */
		1B3E63D925D845D2009D60E2 /* XCRemoteSwiftPackageReference "Gloss" */ = {
			isa = XCRemoteSwiftPackageReference;
			repositoryURL = "https://github.com/hkellaway/Gloss.git";
			requirement = {
				kind = upToNextMajorVersion;
				minimumVersion = 3.2.1;
			};
		};
/* End XCRemoteSwiftPackageReference section */

/* Begin XCSwiftPackageProductDependency section */
		1B3E63DA25D845D2009D60E2 /* Gloss */ = {
			isa = XCSwiftPackageProductDependency;
			package = 1B3E63D925D845D2009D60E2 /* XCRemoteSwiftPackageReference "Gloss" */;
			productName = Gloss;
		};
/* End XCSwiftPackageProductDependency section */

/* Begin XCVersionGroup section */
		1B3E63BB25D7DD67009D60E2 /* LatvianNewsFeed.xcdatamodeld */ = {
			isa = XCVersionGroup;
			children = (
				1B3E63BC25D7DD67009D60E2 /* LatvianNewsFeed.xcdatamodel */,
			);
			currentVersion = 1B3E63BC25D7DD67009D60E2 /* LatvianNewsFeed.xcdatamodel */;
			path = LatvianNewsFeed.xcdatamodeld;
			sourceTree = "<group>";
			versionGroupType = wrapper.xcdatamodel;
		};
/* End XCVersionGroup section */
	};
	rootObject = 1B3E63A725D7DD67009D60E2 /* Project object */;
}
